<?xml version="1.0"?>
<Project ToolsVersion="4.0" xmlns="http://schemas.microsoft.com/developer/msbuild/2003">
	<ItemGroup>
		<ClCompile Include="src\ofApp.cpp">
			<Filter>src</Filter>
		</ClCompile>
		<ClCompile Include="src\main.cpp">
			<Filter>src</Filter>
		</ClCompile>
		<ClCompile Include="src\main.cpp">
			<Filter>src</Filter>
		</ClCompile>
		<ClCompile Include="src\ofApp.cpp">
			<Filter>src</Filter>
		</ClCompile>
		<ClCompile Include="..\..\..\addons\ofxAwesomiumPlus\src\ofxAwesomiumPlus.cpp">
			<Filter>addons\ofxAwesomiumPlus\src</Filter>
		</ClCompile>
	</ItemGroup>
	<ItemGroup>
		<Filter Include="src">
			<UniqueIdentifier>{d8376475-7454-4a24-b08a-aac121d3ad6f}</UniqueIdentifier>
		</Filter>
		<Filter Include="addons">
			<UniqueIdentifier>{71834F65-F3A9-211E-73B8-DC85}</UniqueIdentifier>
		</Filter>
		<Filter Include="addons\ofxAwesomiumPlus">
			<UniqueIdentifier>{CA30BB3E-5E36-AE00-2A13-AF8A}</UniqueIdentifier>
		</Filter>
		<Filter Include="addons\ofxAwesomiumPlus\src">
			<UniqueIdentifier>{31B8C6FB-A84B-7FB4-4271-EBB8}</UniqueIdentifier>
		</Filter>
	</ItemGroup>
	<ItemGroup>
		<ClInclude Include="src\ofApp.h">
			<Filter>src</Filter>
		</ClInclude>
		<ClInclude Include="src\ofApp.h">
			<Filter>src</Filter>
		</ClInclude>
		<ClInclude Include="..\..\..\addons\ofxAwesomiumPlus\src\js_delegate.h">
			<Filter>addons\ofxAwesomiumPlus\src</Filter>
		</ClInclude>
		<ClInclude Include="..\..\..\addons\ofxAwesomiumPlus\src\ofxAwesomiumPlus.h">
			<Filter>addons\ofxAwesomiumPlus\src</Filter>
		</ClInclude>
	</ItemGroup>
	<ItemGroup>
		<ResourceCompile Include="icon.rc" />
	</ItemGroup>
</Project>
